Microsoft Visual Studio Solution File, Format Version 12.00
# Visual Studio 2012
Project("{FAE04EC0-301F-11D3-BF4B-00C04F79EFBC}") = "gdUnit4", "gdUnit4.csproj", "{1F7492EE-4E0C-47ED-8D6F-FFF9FC4DCDB6}"
EndProject
# Project("{FAE04EC0-301F-11D3-BF4B-00C04F79EFBC}") = "gdUnit4.api", "..\gdUnit4Net\api\gdUnit4Api.csproj", "{E5ED8330-DA73-49CE-A060-103CD6B8DC6D}"
# EndProject
Global
	GlobalSection(SolutionConfigurationPlatforms) = preSolution
	Debug|Any CPU = Debug|Any CPU
	ExportDebug|Any CPU = ExportDebug|Any CPU
	ExportRelease|Any CPU = ExportRelease|Any CPU
	EndGlobalSection
	GlobalSection(ProjectConfigurationPlatforms) = postSolution
		{1F7492EE-4E0C-47ED-8D6F-FFF9FC4DCDB6}.Debug|Any CPU.ActiveCfg = Debug|Any CPU
		{1F7492EE-4E0C-47ED-8D6F-FFF9FC4DCDB6}.Debug|Any CPU.Build.0 = Debug|Any CPU
		{1F7492EE-4E0C-47ED-8D6F-FFF9FC4DCDB6}.ExportDebug|Any CPU.ActiveCfg = ExportDebug|Any CPU
		{1F7492EE-4E0C-47ED-8D6F-FFF9FC4DCDB6}.ExportDebug|Any CPU.Build.0 = ExportDebug|Any CPU
		{1F7492EE-4E0C-47ED-8D6F-FFF9FC4DCDB6}.ExportRelease|Any CPU.ActiveCfg = ExportRelease|Any CPU
		{1F7492EE-4E0C-47ED-8D6F-FFF9FC4DCDB6}.ExportRelease|Any CPU.Build.0 = ExportRelease|Any CPU
	EndGlobalSection
EndGlobal
